
Microsoft Visual Studio Solution File, Format Version 12.00
# Visual Studio Version 17
VisualStudioVersion = 17.3.32901.215
MinimumVisualStudioVersion = 10.0.40219.1
Project("{E24C65DC-7377-472B-9ABA-BC803B73C61A}") = "WCFServiceUsuario", "WCFServiceUsuario\", "{92B2737F-6E48-483E-AD0D-85A6EA6FE624}"
	ProjectSection(WebsiteProperties) = preProject
		TargetFrameworkMoniker = ".NETFramework,Version%3Dv4.7.2"
		Debug.AspNetCompiler.VirtualPath = "/localhost_63445"
		Debug.AspNetCompiler.PhysicalPath = "WCFServiceUsuario\"
		Debug.AspNetCompiler.TargetPath = "PrecompiledWeb\localhost_63445\"
		Debug.AspNetCompiler.Updateable = "true"
		Debug.AspNetCompiler.ForceOverwrite = "true"
		Debug.AspNetCompiler.FixedNames = "false"
		Debug.AspNetCompiler.Debug = "True"
		Release.AspNetCompiler.VirtualPath = "/localhost_63445"
		Release.AspNetCompiler.PhysicalPath = "WCFServiceUsuario\"
		Release.AspNetCompiler.TargetPath = "PrecompiledWeb\localhost_63445\"
		Release.AspNetCompiler.Updateable = "true"
		Release.AspNetCompiler.ForceOverwrite = "true"
		Release.AspNetCompiler.FixedNames = "false"
		Release.AspNetCompiler.Debug = "False"
		VWDPort = "63445"
		SlnRelativePath = "WCFServiceUsuario\"
		DefaultWebSiteLanguage = "Visual C#"
	EndProjectSection
EndProject
Global
	GlobalSection(SolutionConfigurationPlatforms) = preSolution
		Debug|Any CPU = Debug|Any CPU
	EndGlobalSection
	GlobalSection(ProjectConfigurationPlatforms) = postSolution
		{92B2737F-6E48-483E-AD0D-85A6EA6FE624}.Debug|Any CPU.ActiveCfg = Debug|Any CPU
		{92B2737F-6E48-483E-AD0D-85A6EA6FE624}.Debug|Any CPU.Build.0 = Debug|Any CPU
	EndGlobalSection
	GlobalSection(SolutionProperties) = preSolution
		HideSolutionNode = FALSE
	EndGlobalSection
	GlobalSection(ExtensibilityGlobals) = postSolution
		SolutionGuid = {EE7336F4-5082-496F-8C4D-111BB3465299}
	EndGlobalSection
EndGlobal
